
Microsoft Visual Studio Solution File, Format Version 12.00
# Visual Studio 15
VisualStudioVersion = 15.0.28307.1340
MinimumVisualStudioVersion = 10.0.40219.1
Project("{FAE04EC0-301F-11D3-BF4B-00C04F79EFBC}") = "OptimizedBFInterpreter", "OptimizedBFInterpreter\OptimizedBFInterpreter.csproj", "{739A1966-1090-4D6F-821F-98E824E308E5}"
EndProject
Global
	GlobalSection(SolutionConfigurationPlatforms) = preSolution
		Debug|Any CPU = Debug|Any CPU
		Release|Any CPU = Release|Any CPU
	EndGlobalSection
	GlobalSection(ProjectConfigurationPlatforms) = postSolution
		{739A1966-1090-4D6F-821F-98E824E308E5}.Debug|Any CPU.ActiveCfg = Debug|Any CPU
		{739A1966-1090-4D6F-821F-98E824E308E5}.Debug|Any CPU.Build.0 = Debug|Any CPU
		{739A1966-1090-4D6F-821F-98E824E308E5}.Release|Any CPU.ActiveCfg = Release|Any CPU
		{739A1966-1090-4D6F-821F-98E824E308E5}.Release|Any CPU.Build.0 = Release|Any CPU
	EndGlobalSection
	GlobalSection(SolutionProperties) = preSolution
		HideSolutionNode = FALSE
	EndGlobalSection
	GlobalSection(ExtensibilityGlobals) = postSolution
		SolutionGuid = {1FA14D3E-C71B-48EC-820C-C5A0A44107FF}
	EndGlobalSection
EndGlobal
